
Microsoft Visual Studio Solution File, Format Version 12.00
# Visual Studio Version 16
VisualStudioVersion = 16.0.33801.447
MinimumVisualStudioVersion = 10.0.40219.1
Project("{FAE04EC0-301F-11D3-BF4B-00C04F79EFBC}") = "studentAdminPorta.Api", "studentAdminPorta.Api\studentAdminPorta.Api.csproj", "{81C707F3-A901-4E14-AFE0-77EFC51F72AE}"
EndProject
Global
	GlobalSection(SolutionConfigurationPlatforms) = preSolution
		Debug|Any CPU = Debug|Any CPU
		Release|Any CPU = Release|Any CPU
	EndGlobalSection
	GlobalSection(ProjectConfigurationPlatforms) = postSolution
		{81C707F3-A901-4E14-AFE0-77EFC51F72AE}.Debug|Any CPU.ActiveCfg = Debug|Any CPU
		{81C707F3-A901-4E14-AFE0-77EFC51F72AE}.Debug|Any CPU.Build.0 = Debug|Any CPU
		{81C707F3-A901-4E14-AFE0-77EFC51F72AE}.Release|Any CPU.ActiveCfg = Release|Any CPU
		{81C707F3-A901-4E14-AFE0-77EFC51F72AE}.Release|Any CPU.Build.0 = Release|Any CPU
	EndGlobalSection
	GlobalSection(SolutionProperties) = preSolution
		HideSolutionNode = FALSE
	EndGlobalSection
	GlobalSection(ExtensibilityGlobals) = postSolution
		SolutionGuid = {6F25B522-549A-4FCB-8611-939E3E798514}
	EndGlobalSection
EndGlobal
